github.com/go-gfx/gfx v0.1.0 h1:tBwT4YYnsdZlESY5MRp8aptg30iZxIH0G/8pZ/Ve3ZY=
github.com/go-gfx/gfx v0.1.0/go.mod h1:bFt/MWyYWRU3Ic9IaB8XOC9KLMMHRRmahMk4FaIGK7g=
github.com/go-gfx/gfx v0.16.0 h1:HYlQrz2kHm+Vg1aBotnO6O9yfadNqWVrPK+b0uqxtKg=
github.com/go-gfx/gfx v0.16.0/go.mod h1:VAK6hgCgkhT3j3ek2K7G8zDfkCPD3RCF45UbcRlCV8Q=
